{
  "name": "@aman004sharma/medium-common",
  "version": "1.0.0",
  "lockfileVersion": 3,
  "requires": true,
  "packages": {
    "": {
      "name": "@aman004sharma/medium-common",
      "version": "1.0.0",
      "license": "ISC",
      "dependencies": {
        "@aman004sharma/medium-common": "^1.0.0",
        "zod": "^3.23.8"
      }
    },
    "node_modules/@aman004sharma/medium-common": {
      "version": "1.0.0",
      "resolved": "https://registry.npmjs.org/@aman004sharma/medium-common/-/medium-common-1.0.0.tgz",
      "integrity": "sha512-igtmDpF8PYDCn9FQptfED+ZY+5kHVIUIWFpZBKiZJ2l+Yme+Ul4+uqwFqD117ccN7CIu3gmIbth07oziaik3mw==",
      "license": "ISC",
      "dependencies": {
        "zod": "^3.25.76"
      }
    },
    "node_modules/zod": {
      "version": "3.25.76",
      "resolved": "https://registry.npmjs.org/zod/-/zod-3.25.76.tgz",
      "integrity": "sha512-gzUt/qt81nXsFGKIFcC3YnfEAx5NkunCfnDlvuBSSFS02bcXu4Lmea0AFIUwbLWxWPx3d9p8S5QoaujKcNQxcQ==",
      "license": "MIT",
      "funding": {
        "url": "https://github.com/sponsors/colinhacks"
      }
    }
  }
}
